
Microsoft Visual Studio Solution File, Format Version 12.00
# Visual Studio Version 17
VisualStudioVersion = 17.0.31903.59
MinimumVisualStudioVersion = 10.0.40219.1
Project("{FAE04EC0-301F-11D3-BF4B-00C04F79EFBC}") = "XmlToDb", "XmlToDb\XmlToDb.csproj", "{EBBCCF9B-FA51-4427-B105-191DACEFF6D6}"
EndProject
Project("{FAE04EC0-301F-11D3-BF4B-00C04F79EFBC}") = "XmlToDb.Core", "XmlToDb.Core\XmlToDb.Core.csproj", "{664D7CD4-2622-490E-895B-5060E407AAB4}"
EndProject
Project("{FAE04EC0-301F-11D3-BF4B-00C04F79EFBC}") = "XmlToDb.Web", "XmlToDb.Web\XmlToDb.Web.csproj", "{5110D1D3-F44F-4BB8-886E-7808F5640D75}"
EndProject
Global
	GlobalSection(SolutionConfigurationPlatforms) = preSolution
		Debug|Any CPU = Debug|Any CPU
		Debug|x64 = Debug|x64
		Debug|x86 = Debug|x86
		Release|Any CPU = Release|Any CPU
		Release|x64 = Release|x64
		Release|x86 = Release|x86
	EndGlobalSection
	GlobalSection(ProjectConfigurationPlatforms) = postSolution
		{EBBCCF9B-FA51-4427-B105-191DACEFF6D6}.Debug|Any CPU.ActiveCfg = Debug|Any CPU
		{EBBCCF9B-FA51-4427-B105-191DACEFF6D6}.Debug|Any CPU.Build.0 = Debug|Any CPU
		{EBBCCF9B-FA51-4427-B105-191DACEFF6D6}.Debug|x64.ActiveCfg = Debug|Any CPU
		{EBBCCF9B-FA51-4427-B105-191DACEFF6D6}.Debug|x64.Build.0 = Debug|Any CPU
		{EBBCCF9B-FA51-4427-B105-191DACEFF6D6}.Debug|x86.ActiveCfg = Debug|Any CPU
		{EBBCCF9B-FA51-4427-B105-191DACEFF6D6}.Debug|x86.Build.0 = Debug|Any CPU
		{EBBCCF9B-FA51-4427-B105-191DACEFF6D6}.Release|Any CPU.ActiveCfg = Release|Any CPU
		{EBBCCF9B-FA51-4427-B105-191DACEFF6D6}.Release|Any CPU.Build.0 = Release|Any CPU
		{EBBCCF9B-FA51-4427-B105-191DACEFF6D6}.Release|x64.ActiveCfg = Release|Any CPU
		{EBBCCF9B-FA51-4427-B105-191DACEFF6D6}.Release|x64.Build.0 = Release|Any CPU
		{EBBCCF9B-FA51-4427-B105-191DACEFF6D6}.Release|x86.ActiveCfg = Release|Any CPU
		{EBBCCF9B-FA51-4427-B105-191DACEFF6D6}.Release|x86.Build.0 = Release|Any CPU
		{664D7CD4-2622-490E-895B-5060E407AAB4}.Debug|Any CPU.ActiveCfg = Debug|Any CPU
		{664D7CD4-2622-490E-895B-5060E407AAB4}.Debug|Any CPU.Build.0 = Debug|Any CPU
		{664D7CD4-2622-490E-895B-5060E407AAB4}.Debug|x64.ActiveCfg = Debug|Any CPU
		{664D7CD4-2622-490E-895B-5060E407AAB4}.Debug|x64.Build.0 = Debug|Any CPU
		{664D7CD4-2622-490E-895B-5060E407AAB4}.Debug|x86.ActiveCfg = Debug|Any CPU
		{664D7CD4-2622-490E-895B-5060E407AAB4}.Debug|x86.Build.0 = Debug|Any CPU
		{664D7CD4-2622-490E-895B-5060E407AAB4}.Release|Any CPU.ActiveCfg = Release|Any CPU
		{664D7CD4-2622-490E-895B-5060E407AAB4}.Release|Any CPU.Build.0 = Release|Any CPU
		{664D7CD4-2622-490E-895B-5060E407AAB4}.Release|x64.ActiveCfg = Release|Any CPU
		{664D7CD4-2622-490E-895B-5060E407AAB4}.Release|x64.Build.0 = Release|Any CPU
		{664D7CD4-2622-490E-895B-5060E407AAB4}.Release|x86.ActiveCfg = Release|Any CPU
		{664D7CD4-2622-490E-895B-5060E407AAB4}.Release|x86.Build.0 = Release|Any CPU
		{5110D1D3-F44F-4BB8-886E-7808F5640D75}.Debug|Any CPU.ActiveCfg = Debug|Any CPU
		{5110D1D3-F44F-4BB8-886E-7808F5640D75}.Debug|Any CPU.Build.0 = Debug|Any CPU
		{5110D1D3-F44F-4BB8-886E-7808F5640D75}.Debug|x64.ActiveCfg = Debug|Any CPU
		{5110D1D3-F44F-4BB8-886E-7808F5640D75}.Debug|x64.Build.0 = Debug|Any CPU
		{5110D1D3-F44F-4BB8-886E-7808F5640D75}.Debug|x86.ActiveCfg = Debug|Any CPU
		{5110D1D3-F44F-4BB8-886E-7808F5640D75}.Debug|x86.Build.0 = Debug|Any CPU
		{5110D1D3-F44F-4BB8-886E-7808F5640D75}.Release|Any CPU.ActiveCfg = Release|Any CPU
		{5110D1D3-F44F-4BB8-886E-7808F5640D75}.Release|Any CPU.Build.0 = Release|Any CPU
		{5110D1D3-F44F-4BB8-886E-7808F5640D75}.Release|x64.ActiveCfg = Release|Any CPU
		{5110D1D3-F44F-4BB8-886E-7808F5640D75}.Release|x64.Build.0 = Release|Any CPU
		{5110D1D3-F44F-4BB8-886E-7808F5640D75}.Release|x86.ActiveCfg = Release|Any CPU
		{5110D1D3-F44F-4BB8-886E-7808F5640D75}.Release|x86.Build.0 = Release|Any CPU
	EndGlobalSection
	GlobalSection(SolutionProperties) = preSolution
		HideSolutionNode = FALSE
	EndGlobalSection
EndGlobal
